
Microsoft Visual Studio Solution File, Format Version 12.00
# Visual Studio Version 16
VisualStudioVersion = 16.0.29911.84
MinimumVisualStudioVersion = 10.0.40219.1
Project("{FAE04EC0-301F-11D3-BF4B-00C04F79EFBC}") = "MatFSISExercisesCustom", "MatFSISExercisesCustom\MatFSISExercisesCustom.csproj", "{F2922B4D-793A-4843-938E-5A7E80246985}"
EndProject
Project("{FAE04EC0-301F-11D3-BF4B-00C04F79EFBC}") = "DBSystem", "DBSystem\DBSystem.csproj", "{D42F4A0F-5A66-45BC-91F7-1AA104BD7731}"
EndProject
Global
	GlobalSection(SolutionConfigurationPlatforms) = preSolution
		Debug|Any CPU = Debug|Any CPU
		Release|Any CPU = Release|Any CPU
	EndGlobalSection
	GlobalSection(ProjectConfigurationPlatforms) = postSolution
		{F2922B4D-793A-4843-938E-5A7E80246985}.Debug|Any CPU.ActiveCfg = Debug|Any CPU
		{F2922B4D-793A-4843-938E-5A7E80246985}.Debug|Any CPU.Build.0 = Debug|Any CPU
		{F2922B4D-793A-4843-938E-5A7E80246985}.Release|Any CPU.ActiveCfg = Release|Any CPU
		{F2922B4D-793A-4843-938E-5A7E80246985}.Release|Any CPU.Build.0 = Release|Any CPU
		{D42F4A0F-5A66-45BC-91F7-1AA104BD7731}.Debug|Any CPU.ActiveCfg = Debug|Any CPU
		{D42F4A0F-5A66-45BC-91F7-1AA104BD7731}.Debug|Any CPU.Build.0 = Debug|Any CPU
		{D42F4A0F-5A66-45BC-91F7-1AA104BD7731}.Release|Any CPU.ActiveCfg = Release|Any CPU
		{D42F4A0F-5A66-45BC-91F7-1AA104BD7731}.Release|Any CPU.Build.0 = Release|Any CPU
	EndGlobalSection
	GlobalSection(SolutionProperties) = preSolution
		HideSolutionNode = FALSE
	EndGlobalSection
	GlobalSection(ExtensibilityGlobals) = postSolution
		SolutionGuid = {011CA75D-9FB5-4270-B96C-1D8EB2D52E1F}
	EndGlobalSection
EndGlobal
